
Microsoft Visual Studio Solution File, Format Version 12.00
# Visual Studio Version 16
VisualStudioVersion = 16.0.30204.135
MinimumVisualStudioVersion = 10.0.40219.1
Project("{FAE04EC0-301F-11D3-BF4B-00C04F79EFBC}") = "WritingLinqQueris", "WritingLinqQueris\WritingLinqQueris.csproj", "{C82D0875-9D1E-4FDB-A14D-47726BC35EE5}"
EndProject
Global
	GlobalSection(SolutionConfigurationPlatforms) = preSolution
		Debug|Any CPU = Debug|Any CPU
		Release|Any CPU = Release|Any CPU
	EndGlobalSection
	GlobalSection(ProjectConfigurationPlatforms) = postSolution
		{C82D0875-9D1E-4FDB-A14D-47726BC35EE5}.Debug|Any CPU.ActiveCfg = Debug|Any CPU
		{C82D0875-9D1E-4FDB-A14D-47726BC35EE5}.Debug|Any CPU.Build.0 = Debug|Any CPU
		{C82D0875-9D1E-4FDB-A14D-47726BC35EE5}.Release|Any CPU.ActiveCfg = Release|Any CPU
		{C82D0875-9D1E-4FDB-A14D-47726BC35EE5}.Release|Any CPU.Build.0 = Release|Any CPU
	EndGlobalSection
	GlobalSection(SolutionProperties) = preSolution
		HideSolutionNode = FALSE
	EndGlobalSection
	GlobalSection(ExtensibilityGlobals) = postSolution
		SolutionGuid = {9B862DFC-F135-4688-8098-BC31EA1E7B60}
	EndGlobalSection
EndGlobal
