
Microsoft Visual Studio Solution File, Format Version 12.00
# Visual Studio Version 16
VisualStudioVersion = 16.0.30204.135
MinimumVisualStudioVersion = 10.0.40219.1
Project("{FAE04EC0-301F-11D3-BF4B-00C04F79EFBC}") = "ElementOperators", "ElementOperators\ElementOperators.csproj", "{7F5861AC-AA69-4CFC-B6EA-80DD9C2F46A8}"
EndProject
Global
	GlobalSection(SolutionConfigurationPlatforms) = preSolution
		Debug|Any CPU = Debug|Any CPU
		Release|Any CPU = Release|Any CPU
	EndGlobalSection
	GlobalSection(ProjectConfigurationPlatforms) = postSolution
		{7F5861AC-AA69-4CFC-B6EA-80DD9C2F46A8}.Debug|Any CPU.ActiveCfg = Debug|Any CPU
		{7F5861AC-AA69-4CFC-B6EA-80DD9C2F46A8}.Debug|Any CPU.Build.0 = Debug|Any CPU
		{7F5861AC-AA69-4CFC-B6EA-80DD9C2F46A8}.Release|Any CPU.ActiveCfg = Release|Any CPU
		{7F5861AC-AA69-4CFC-B6EA-80DD9C2F46A8}.Release|Any CPU.Build.0 = Release|Any CPU
	EndGlobalSection
	GlobalSection(SolutionProperties) = preSolution
		HideSolutionNode = FALSE
	EndGlobalSection
	GlobalSection(ExtensibilityGlobals) = postSolution
		SolutionGuid = {7C119D1C-0F31-402E-87E1-49EF55FD8758}
	EndGlobalSection
EndGlobal
